PODS:
  - AFNetworking (3.2.1):
    - AFNetworking/NSURLSession (= 3.2.1)
    - AFNetworking/Reachability (= 3.2.1)
    - AFNetworking/Security (= 3.2.1)
    - AFNetworking/Serialization (= 3.2.1)
    - AFNetworking/UIKit (= 3.2.1)
  - AFNetworking/NSURLSession (3.2.1):
    - AFNetworking/Reachability
    - AFNetworking/Security
    - AFNetworking/Serialization
  - AFNetworking/Reachability (3.2.1)
  - AFNetworking/Security (3.2.1)
  - AFNetworking/Serialization (3.2.1)
  - AFNetworking/UIKit (3.2.1):
    - AFNetworking/NSURLSession
  - coobjc (1.0.1):
    - fishhook (~> 0.2.0)
  - fishhook (0.2)
  - Masonry (1.1.0)

DEPENDENCIES:
  - AFNetworking
  - coobjc
  - Masonry

SPEC REPOS:
  https://github.com/cocoapods/specs.git:
    - AFNetworking
    - coobjc
    - fishhook
    - Masonry

SPEC CHECKSUMS:
  AFNetworking: b6f891fdfaed196b46c7a83cf209e09697b94057
  coobjc: 1954a85a5d83854810418114bf841fb60980b1b6
  fishhook: ea19933abfe8f2f52c55fd8b6e2718467d3ebc89
  Masonry: 678fab65091a9290e40e2832a55e7ab731aad201

PODFILE CHECKSUM: dbad771c99f995448654ad1767ca432fb0983c95

COCOAPODS: 1.5.3
