// !$*UTF8*$!
{
	archiveVersion = 1;
	classes = {
	};
	objectVersion = 48;
	objects = {

/* Begin PBXBuildFile section */
		8E03F5E230B3B0B24B1FD062 /* Pods_AlliOSDemo.framework in Frameworks */ = {isa = PBXBuildFile; fileRef = DE52B5F0DFDFF40B2915A814 /* Pods_AlliOSDemo.framework */; };
		A827CA0E2137E26B00A743D8 /* AppDelegate.m in Sources */ = {isa = PBXBuildFile; fileRef = A827CA0D2137E26B00A743D8 /* AppDelegate.m */; };
		A827CA112137E26B00A743D8 /* ViewController.m in Sources */ = {isa = PBXBuildFile; fileRef = A827CA102137E26B00A743D8 /* ViewController.m */; };
		A827CA142137E26B00A743D8 /* Main.storyboard in Resources */ = {isa = PBXBuildFile; fileRef = A827CA122137E26B00A743D8 /* Main.storyboard */; };
		A827CA162137E26B00A743D8 /* Assets.xcassets in Resources */ = {isa = PBXBuildFile; fileRef = A827CA152137E26B00A743D8 /* Assets.xcassets */; };
		A827CA192137E26B00A743D8 /* LaunchScreen.storyboard in Resources */ = {isa = PBXBuildFile; fileRef = A827CA172137E26B00A743D8 /* LaunchScreen.storyboard */; };
		A827CA1C2137E26B00A743D8 /* main.m in Sources */ = {isa = PBXBuildFile; fileRef = A827CA1B2137E26B00A743D8 /* main.m */; };
		A827CA262137E26B00A743D8 /* AlliOSDemoTests.m in Sources */ = {isa = PBXBuildFile; fileRef = A827CA252137E26B00A743D8 /* AlliOSDemoTests.m */; };
		A827CA312137E26B00A743D8 /* AlliOSDemoUITests.m in Sources */ = {isa = PBXBuildFile; fileRef = A827CA302137E26B00A743D8 /* AlliOSDemoUITests.m */; };
		A827CA412137EA6000A743D8 /* Nutils.m in Sources */ = {isa = PBXBuildFile; fileRef = A827CA402137EA6000A743D8 /* Nutils.m */; };
		A8E2D2AF22CF5826009603F2 /* CustomAnimationIndexViewController.m in Sources */ = {isa = PBXBuildFile; fileRef = A8E2D2AE22CF5826009603F2 /* CustomAnimationIndexViewController.m */; };
		A8E2D2B322CF5B36009603F2 /* RACTestViewController.m in Sources */ = {isa = PBXBuildFile; fileRef = A8E2D2B222CF5B36009603F2 /* RACTestViewController.m */; };
/* End PBXBuildFile section */

/* Begin PBXContainerItemProxy section */
		A827CA222137E26B00A743D8 /* PBXContainerItemProxy */ = {
			isa = PBXContainerItemProxy;
			containerPortal = A827CA012137E26A00A743D8 /* Project object */;
			proxyType = 1;
			remoteGlobalIDString = A827CA082137E26A00A743D8;
			remoteInfo = AlliOSDemo;
		};
		A827CA2D2137E26B00A743D8 /* PBXContainerItemProxy */ = {
			isa = PBXContainerItemProxy;
			containerPortal = A827CA012137E26A00A743D8 /* Project object */;
			proxyType = 1;
			remoteGlobalIDString = A827CA082137E26A00A743D8;
			remoteInfo = AlliOSDemo;
		};
/* End PBXContainerItemProxy section */

/* Begin PBXFileReference section */
		2D544DCEDE48952592E3D4AD /* Pods-AlliOSDemo.debug.xcconfig */ = {isa = PBXFileReference; includeInIndex = 1; lastKnownFileType = text.xcconfig; name = "Pods-AlliOSDemo.debug.xcconfig"; path = "Pods/Target Support Files/Pods-AlliOSDemo/Pods-AlliOSDemo.debug.xcconfig"; sourceTree = "<group>"; };
		60F5AD8F7CC75AA0A78CDE9D /* Pods-AlliOSDemo.release.xcconfig */ = {isa = PBXFileReference; includeInIndex = 1; lastKnownFileType = text.xcconfig; name = "Pods-AlliOSDemo.release.xcconfig"; path = "Pods/Target Support Files/Pods-AlliOSDemo/Pods-AlliOSDemo.release.xcconfig"; sourceTree = "<group>"; };
		A827CA092137E26A00A743D8 /* AlliOSDemo.app */ = {isa = PBXFileReference; explicitFileType = wrapper.application; includeInIndex = 0; path = AlliOSDemo.app; sourceTree = BUILT_PRODUCTS_DIR; };
		A827CA0C2137E26B00A743D8 /* AppDelegate.h */ = {isa = PBXFileReference; lastKnownFileType = sourcecode.c.h; path = AppDelegate.h; sourceTree = "<group>"; };
		A827CA0D2137E26B00A743D8 /* AppDelegate.m */ = {isa = PBXFileReference; lastKnownFileType = sourcecode.c.objc; path = AppDelegate.m; sourceTree = "<group>"; };
		A827CA0F2137E26B00A743D8 /* ViewController.h */ = {isa = PBXFileReference; lastKnownFileType = sourcecode.c.h; path = ViewController.h; sourceTree = "<group>"; };
		A827CA102137E26B00A743D8 /* ViewController.m */ = {isa = PBXFileReference; lastKnownFileType = sourcecode.c.objc; path = ViewController.m; sourceTree = "<group>"; };
		A827CA132137E26B00A743D8 /* Base */ = {isa = PBXFileReference; lastKnownFileType = file.storyboard; name = Base; path = Base.lproj/Main.storyboard; sourceTree = "<group>"; };
		A827CA152137E26B00A743D8 /* Assets.xcassets */ = {isa = PBXFileReference; lastKnownFileType = folder.assetcatalog; path = Assets.xcassets; sourceTree = "<group>"; };
		A827CA182137E26B00A743D8 /* Base */ = {isa = PBXFileReference; lastKnownFileType = file.storyboard; name = Base; path = Base.lproj/LaunchScreen.storyboard; sourceTree = "<group>"; };
		A827CA1A2137E26B00A743D8 /* Info.plist */ = {isa = PBXFileReference; lastKnownFileType = text.plist.xml; path = Info.plist; sourceTree = "<group>"; };
		A827CA1B2137E26B00A743D8 /* main.m */ = {isa = PBXFileReference; lastKnownFileType = sourcecode.c.objc; path = main.m; sourceTree = "<group>"; };
		A827CA212137E26B00A743D8 /* AlliOSDemoTests.xctest */ = {isa = PBXFileReference; explicitFileType = wrapper.cfbundle; includeInIndex = 0; path = AlliOSDemoTests.xctest; sourceTree = BUILT_PRODUCTS_DIR; };
		A827CA252137E26B00A743D8 /* AlliOSDemoTests.m */ = {isa = PBXFileReference; lastKnownFileType = sourcecode.c.objc; path = AlliOSDemoTests.m; sourceTree = "<group>"; };
		A827CA272137E26B00A743D8 /* Info.plist */ = {isa = PBXFileReference; lastKnownFileType = text.plist.xml; path = Info.plist; sourceTree = "<group>"; };
		A827CA2C2137E26B00A743D8 /* AlliOSDemoUITests.xctest */ = {isa = PBXFileReference; explicitFileType = wrapper.cfbundle; includeInIndex = 0; path = AlliOSDemoUITests.xctest; sourceTree = BUILT_PRODUCTS_DIR; };
		A827CA302137E26B00A743D8 /* AlliOSDemoUITests.m */ = {isa = PBXFileReference; lastKnownFileType = sourcecode.c.objc; path = AlliOSDemoUITests.m; sourceTree = "<group>"; };
		A827CA322137E26B00A743D8 /* Info.plist */ = {isa = PBXFileReference; lastKnownFileType = text.plist.xml; path = Info.plist; sourceTree = "<group>"; };
		A827CA3F2137EA6000A743D8 /* Nutils.h */ = {isa = PBXFileReference; lastKnownFileType = sourcecode.c.h; path = Nutils.h; sourceTree = "<group>"; };
		A827CA402137EA6000A743D8 /* Nutils.m */ = {isa = PBXFileReference; lastKnownFileType = sourcecode.c.objc; path = Nutils.m; sourceTree = "<group>"; };
		A8E2D2AD22CF5826009603F2 /* CustomAnimationIndexViewController.h */ = {isa = PBXFileReference; fileEncoding = 4; lastKnownFileType = sourcecode.c.h; path = CustomAnimationIndexViewController.h; sourceTree = "<group>"; };
		A8E2D2AE22CF5826009603F2 /* CustomAnimationIndexViewController.m */ = {isa = PBXFileReference; fileEncoding = 4; lastKnownFileType = sourcecode.c.objc; path = CustomAnimationIndexViewController.m; sourceTree = "<group>"; };
		A8E2D2B122CF5B36009603F2 /* RACTestViewController.h */ = {isa = PBXFileReference; lastKnownFileType = sourcecode.c.h; path = RACTestViewController.h; sourceTree = "<group>"; };
		A8E2D2B222CF5B36009603F2 /* RACTestViewController.m */ = {isa = PBXFileReference; lastKnownFileType = sourcecode.c.objc; path = RACTestViewController.m; sourceTree = "<group>"; };
		DE52B5F0DFDFF40B2915A814 /* Pods_AlliOSDemo.framework */ = {isa = PBXFileReference; explicitFileType = wrapper.framework; includeInIndex = 0; path = Pods_AlliOSDemo.framework; sourceTree = BUILT_PRODUCTS_DIR; };
/* End PBXFileReference section */

/* Begin PBXFrameworksBuildPhase section */
		A827CA062137E26A00A743D8 /* Frameworks */ = {
			isa = PBXFrameworksBuildPhase;
			buildActionMask = 2147483647;
			files = (
				8E03F5E230B3B0B24B1FD062 /* Pods_AlliOSDemo.framework in Frameworks */,
			);
			runOnlyForDeploymentPostprocessing = 0;
		};
		A827CA1E2137E26B00A743D8 /* Frameworks */ = {
			isa = PBXFrameworksBuildPhase;
			buildActionMask = 2147483647;
			files = (
			);
			runOnlyForDeploymentPostprocessing = 0;
		};
		A827CA292137E26B00A743D8 /* Frameworks */ = {
			isa = PBXFrameworksBuildPhase;
			buildActionMask = 2147483647;
			files = (
			);
			runOnlyForDeploymentPostprocessing = 0;
		};
/* End PBXFrameworksBuildPhase section */

/* Begin PBXGroup section */
		3BF661DDF50DAB34FBE4A472 /* Frameworks */ = {
			isa = PBXGroup;
			children = (
				DE52B5F0DFDFF40B2915A814 /* Pods_AlliOSDemo.framework */,
			);
			name = Frameworks;
			sourceTree = "<group>";
		};
		8858BA5DC4331E86B0AF72B3 /* Pods */ = {
			isa = PBXGroup;
			children = (
				2D544DCEDE48952592E3D4AD /* Pods-AlliOSDemo.debug.xcconfig */,
				60F5AD8F7CC75AA0A78CDE9D /* Pods-AlliOSDemo.release.xcconfig */,
			);
			name = Pods;
			sourceTree = "<group>";
		};
		A827CA002137E26A00A743D8 = {
			isa = PBXGroup;
			children = (
				A827CA0B2137E26A00A743D8 /* AlliOSDemo */,
				A827CA242137E26B00A743D8 /* AlliOSDemoTests */,
				A827CA2F2137E26B00A743D8 /* AlliOSDemoUITests */,
				A827CA0A2137E26A00A743D8 /* Products */,
				8858BA5DC4331E86B0AF72B3 /* Pods */,
				3BF661DDF50DAB34FBE4A472 /* Frameworks */,
			);
			sourceTree = "<group>";
		};
		A827CA0A2137E26A00A743D8 /* Products */ = {
			isa = PBXGroup;
			children = (
				A827CA092137E26A00A743D8 /* AlliOSDemo.app */,
				A827CA212137E26B00A743D8 /* AlliOSDemoTests.xctest */,
				A827CA2C2137E26B00A743D8 /* AlliOSDemoUITests.xctest */,
			);
			name = Products;
			sourceTree = "<group>";
		};
		A827CA0B2137E26A00A743D8 /* AlliOSDemo */ = {
			isa = PBXGroup;
			children = (
				A8E2D2B022CF58A4009603F2 /* RAC */,
				A8E2D2AC22CF5826009603F2 /* CustomAnimation */,
				A827CA3E2137E9E100A743D8 /* Common */,
				A827CA0C2137E26B00A743D8 /* AppDelegate.h */,
				A827CA0D2137E26B00A743D8 /* AppDelegate.m */,
				A827CA0F2137E26B00A743D8 /* ViewController.h */,
				A827CA102137E26B00A743D8 /* ViewController.m */,
				A827CA122137E26B00A743D8 /* Main.storyboard */,
				A827CA152137E26B00A743D8 /* Assets.xcassets */,
				A827CA172137E26B00A743D8 /* LaunchScreen.storyboard */,
				A827CA1A2137E26B00A743D8 /* Info.plist */,
				A827CA1B2137E26B00A743D8 /* main.m */,
			);
			path = AlliOSDemo;
			sourceTree = "<group>";
		};
		A827CA242137E26B00A743D8 /* AlliOSDemoTests */ = {
			isa = PBXGroup;
			children = (
				A827CA252137E26B00A743D8 /* AlliOSDemoTests.m */,
				A827CA272137E26B00A743D8 /* Info.plist */,
			);
			path = AlliOSDemoTests;
			sourceTree = "<group>";
		};
		A827CA2F2137E26B00A743D8 /* AlliOSDemoUITests */ = {
			isa = PBXGroup;
			children = (
				A827CA302137E26B00A743D8 /* AlliOSDemoUITests.m */,
				A827CA322137E26B00A743D8 /* Info.plist */,
			);
			path = AlliOSDemoUITests;
			sourceTree = "<group>";
		};
		A827CA3E2137E9E100A743D8 /* Common */ = {
			isa = PBXGroup;
			children = (
				A827CA3F2137EA6000A743D8 /* Nutils.h */,
				A827CA402137EA6000A743D8 /* Nutils.m */,
			);
			path = Common;
			sourceTree = "<group>";
		};
		A8E2D2AC22CF5826009603F2 /* CustomAnimation */ = {
			isa = PBXGroup;
			children = (
				A8E2D2AD22CF5826009603F2 /* CustomAnimationIndexViewController.h */,
				A8E2D2AE22CF5826009603F2 /* CustomAnimationIndexViewController.m */,
			);
			path = CustomAnimation;
			sourceTree = "<group>";
		};
		A8E2D2B022CF58A4009603F2 /* RAC */ = {
			isa = PBXGroup;
			children = (
				A8E2D2B122CF5B36009603F2 /* RACTestViewController.h */,
				A8E2D2B222CF5B36009603F2 /* RACTestViewController.m */,
			);
			path = RAC;
			sourceTree = "<group>";
		};
/* End PBXGroup section */

/* Begin PBXNativeTarget section */
		A827CA082137E26A00A743D8 /* AlliOSDemo */ = {
			isa = PBXNativeTarget;
			buildConfigurationList = A827CA352137E26B00A743D8 /* Build configuration list for PBXNativeTarget "AlliOSDemo" */;
			buildPhases = (
				64A3F975F6218AD3967D7906 /* [CP] Check Pods Manifest.lock */,
				A827CA052137E26A00A743D8 /* Sources */,
				A827CA062137E26A00A743D8 /* Frameworks */,
				A827CA072137E26A00A743D8 /* Resources */,
				152B69A28CE7FAFBEA227913 /* [CP] Embed Pods Frameworks */,
			);
			buildRules = (
			);
			dependencies = (
			);
			name = AlliOSDemo;
			productName = AlliOSDemo;
			productReference = A827CA092137E26A00A743D8 /* AlliOSDemo.app */;
			productType = "com.apple.product-type.application";
		};
		A827CA202137E26B00A743D8 /* AlliOSDemoTests */ = {
			isa = PBXNativeTarget;
			buildConfigurationList = A827CA382137E26B00A743D8 /* Build configuration list for PBXNativeTarget "AlliOSDemoTests" */;
			buildPhases = (
				A827CA1D2137E26B00A743D8 /* Sources */,
				A827CA1E2137E26B00A743D8 /* Frameworks */,
				A827CA1F2137E26B00A743D8 /* Resources */,
			);
			buildRules = (
			);
			dependencies = (
				A827CA232137E26B00A743D8 /* PBXTargetDependency */,
			);
			name = AlliOSDemoTests;
			productName = AlliOSDemoTests;
			productReference = A827CA212137E26B00A743D8 /* AlliOSDemoTests.xctest */;
			productType = "com.apple.product-type.bundle.unit-test";
		};
		A827CA2B2137E26B00A743D8 /* AlliOSDemoUITests */ = {
			isa = PBXNativeTarget;
			buildConfigurationList = A827CA3B2137E26B00A743D8 /* Build configuration list for PBXNativeTarget "AlliOSDemoUITests" */;
			buildPhases = (
				A827CA282137E26B00A743D8 /* Sources */,
				A827CA292137E26B00A743D8 /* Frameworks */,
				A827CA2A2137E26B00A743D8 /* Resources */,
			);
			buildRules = (
			);
			dependencies = (
				A827CA2E2137E26B00A743D8 /* PBXTargetDependency */,
			);
			name = AlliOSDemoUITests;
			productName = AlliOSDemoUITests;
			productReference = A827CA2C2137E26B00A743D8 /* AlliOSDemoUITests.xctest */;
			productType = "com.apple.product-type.bundle.ui-testing";
		};
/* End PBXNativeTarget section */

/* Begin PBXProject section */
		A827CA012137E26A00A743D8 /* Project object */ = {
			isa = PBXProject;
			attributes = {
				LastUpgradeCheck = 0910;
				ORGANIZATIONNAME = Banning;
				TargetAttributes = {
					A827CA082137E26A00A743D8 = {
						CreatedOnToolsVersion = 9.1;
						ProvisioningStyle = Automatic;
					};
					A827CA202137E26B00A743D8 = {
						CreatedOnToolsVersion = 9.1;
						ProvisioningStyle = Automatic;
						TestTargetID = A827CA082137E26A00A743D8;
					};
					A827CA2B2137E26B00A743D8 = {
						CreatedOnToolsVersion = 9.1;
						ProvisioningStyle = Automatic;
						TestTargetID = A827CA082137E26A00A743D8;
					};
				};
			};
			buildConfigurationList = A827CA042137E26A00A743D8 /* Build configuration list for PBXProject "AlliOSDemo" */;
			compatibilityVersion = "Xcode 8.0";
			developmentRegion = en;
			hasScannedForEncodings = 0;
			knownRegions = (
				en,
				Base,
			);
			mainGroup = A827CA002137E26A00A743D8;
			productRefGroup = A827CA0A2137E26A00A743D8 /* Products */;
			projectDirPath = "";
			projectRoot = "";
			targets = (
				A827CA082137E26A00A743D8 /* AlliOSDemo */,
				A827CA202137E26B00A743D8 /* AlliOSDemoTests */,
				A827CA2B2137E26B00A743D8 /* AlliOSDemoUITests */,
			);
		};
/* End PBXProject section */

/* Begin PBXResourcesBuildPhase section */
		A827CA072137E26A00A743D8 /* Resources */ = {
			isa = PBXResourcesBuildPhase;
			buildActionMask = 2147483647;
			files = (
				A827CA192137E26B00A743D8 /* LaunchScreen.storyboard in Resources */,
				A827CA162137E26B00A743D8 /* Assets.xcassets in Resources */,
				A827CA142137E26B00A743D8 /* Main.storyboard in Resources */,
			);
			runOnlyForDeploymentPostprocessing = 0;
		};
		A827CA1F2137E26B00A743D8 /* Resources */ = {
			isa = PBXResourcesBuildPhase;
			buildActionMask = 2147483647;
			files = (
			);
			runOnlyForDeploymentPostprocessing = 0;
		};
		A827CA2A2137E26B00A743D8 /* Resources */ = {
			isa = PBXResourcesBuildPhase;
			buildActionMask = 2147483647;
			files = (
			);
			runOnlyForDeploymentPostprocessing = 0;
		};
/* End PBXResourcesBuildPhase section */

/* Begin PBXShellScriptBuildPhase section */
		152B69A28CE7FAFBEA227913 /* [CP] Embed Pods Frameworks */ = {
			isa = PBXShellScriptBuildPhase;
			buildActionMask = 2147483647;
			files = (
			);
			inputPaths = (
				"${PODS_ROOT}/Target Support Files/Pods-AlliOSDemo/Pods-AlliOSDemo-frameworks.sh",
				"${BUILT_PRODUCTS_DIR}/AFNetworking/AFNetworking.framework",
				"${BUILT_PRODUCTS_DIR}/Masonry/Masonry.framework",
				"${BUILT_PRODUCTS_DIR}/ReactiveObjC/ReactiveObjC.framework",
				"${BUILT_PRODUCTS_DIR}/SDWebImage/SDWebImage.framework",
				"${BUILT_PRODUCTS_DIR}/YYText/YYText.framework",
			);
			name = "[CP] Embed Pods Frameworks";
			outputPaths = (
				"${TARGET_BUILD_DIR}/${FRAMEWORKS_FOLDER_PATH}/AFNetworking.framework",
				"${TARGET_BUILD_DIR}/${FRAMEWORKS_FOLDER_PATH}/Masonry.framework",
				"${TARGET_BUILD_DIR}/${FRAMEWORKS_FOLDER_PATH}/ReactiveObjC.framework",
				"${TARGET_BUILD_DIR}/${FRAMEWORKS_FOLDER_PATH}/SDWebImage.framework",
				"${TARGET_BUILD_DIR}/${FRAMEWORKS_FOLDER_PATH}/YYText.framework",
			);
			runOnlyForDeploymentPostprocessing = 0;
			shellPath = /bin/sh;
			shellScript = "\"${PODS_ROOT}/Target Support Files/Pods-AlliOSDemo/Pods-AlliOSDemo-frameworks.sh\"\n";
			showEnvVarsInLog = 0;
		};
		64A3F975F6218AD3967D7906 /* [CP] Check Pods Manifest.lock */ = {
			isa = PBXShellScriptBuildPhase;
			buildActionMask = 2147483647;
			files = (
			);
			inputPaths = (
				"${PODS_PODFILE_DIR_PATH}/Podfile.lock",
				"${PODS_ROOT}/Manifest.lock",
			);
			name = "[CP] Check Pods Manifest.lock";
			outputPaths = (
				"$(DERIVED_FILE_DIR)/Pods-AlliOSDemo-checkManifestLockResult.txt",
			);
			runOnlyForDeploymentPostprocessing = 0;
			shellPath = /bin/sh;
			shellScript = "diff \"${PODS_PODFILE_DIR_PATH}/Podfile.lock\" \"${PODS_ROOT}/Manifest.lock\" > /dev/null\nif [ $? != 0 ] ; then\n    # print error to STDERR\n    echo \"error: The sandbox is not in sync with the Podfile.lock. Run 'pod install' or update your CocoaPods installation.\" >&2\n    exit 1\nfi\n# This output is used by Xcode 'outputs' to avoid re-running this script phase.\necho \"SUCCESS\" > \"${SCRIPT_OUTPUT_FILE_0}\"\n";
			showEnvVarsInLog = 0;
		};
/* End PBXShellScriptBuildPhase section */

/* Begin PBXSourcesBuildPhase section */
		A827CA052137E26A00A743D8 /* Sources */ = {
			isa = PBXSourcesBuildPhase;
			buildActionMask = 2147483647;
			files = (
				A8E2D2AF22CF5826009603F2 /* CustomAnimationIndexViewController.m in Sources */,
				A827CA112137E26B00A743D8 /* ViewController.m in Sources */,
				A827CA1C2137E26B00A743D8 /* main.m in Sources */,
				A827CA412137EA6000A743D8 /* Nutils.m in Sources */,
				A827CA0E2137E26B00A743D8 /* AppDelegate.m in Sources */,
				A8E2D2B322CF5B36009603F2 /* RACTestViewController.m in Sources */,
			);
			runOnlyForDeploymentPostprocessing = 0;
		};
		A827CA1D2137E26B00A743D8 /* Sources */ = {
			isa = PBXSourcesBuildPhase;
			buildActionMask = 2147483647;
			files = (
				A827CA262137E26B00A743D8 /* AlliOSDemoTests.m in Sources */,
			);
			runOnlyForDeploymentPostprocessing = 0;
		};
		A827CA282137E26B00A743D8 /* Sources */ = {
			isa = PBXSourcesBuildPhase;
			buildActionMask = 2147483647;
			files = (
				A827CA312137E26B00A743D8 /* AlliOSDemoUITests.m in Sources */,
			);
			runOnlyForDeploymentPostprocessing = 0;
		};
/* End PBXSourcesBuildPhase section */

/* Begin PBXTargetDependency section */
		A827CA232137E26B00A743D8 /* PBXTargetDependency */ = {
			isa = PBXTargetDependency;
			target = A827CA082137E26A00A743D8 /* AlliOSDemo */;
			targetProxy = A827CA222137E26B00A743D8 /* PBXContainerItemProxy */;
		};
		A827CA2E2137E26B00A743D8 /* PBXTargetDependency */ = {
			isa = PBXTargetDependency;
			target = A827CA082137E26A00A743D8 /* AlliOSDemo */;
			targetProxy = A827CA2D2137E26B00A743D8 /* PBXContainerItemProxy */;
		};
/* End PBXTargetDependency section */

/* Begin PBXVariantGroup section */
		A827CA122137E26B00A743D8 /* Main.storyboard */ = {
			isa = PBXVariantGroup;
			children = (
				A827CA132137E26B00A743D8 /* Base */,
			);
			name = Main.storyboard;
			sourceTree = "<group>";
		};
		A827CA172137E26B00A743D8 /* LaunchScreen.storyboard */ = {
			isa = PBXVariantGroup;
			children = (
				A827CA182137E26B00A743D8 /* Base */,
			);
			name = LaunchScreen.storyboard;
			sourceTree = "<group>";
		};
/* End PBXVariantGroup section */

/* Begin XCBuildConfiguration section */
		A827CA332137E26B00A743D8 /* Debug */ = {
			isa = XCBuildConfiguration;
			buildSettings = {
				ALWAYS_SEARCH_USER_PATHS = NO;
				CLANG_ANALYZER_NONNULL = YES;
				CLANG_ANALYZER_NUMBER_OBJECT_CONVERSION = YES_AGGRESSIVE;
				CLANG_CXX_LANGUAGE_STANDARD = "gnu++14";
				CLANG_CXX_LIBRARY = "libc++";
				CLANG_ENABLE_MODULES = YES;
				CLANG_ENABLE_OBJC_ARC = YES;
				CLANG_WARN_BLOCK_CAPTURE_AUTORELEASING = YES;
				CLANG_WARN_BOOL_CONVERSION = YES;
				CLANG_WARN_COMMA = YES;
				CLANG_WARN_CONSTANT_CONVERSION = YES;
				CLANG_WARN_DIRECT_OBJC_ISA_USAGE = YES_ERROR;
				CLANG_WARN_DOCUMENTATION_COMMENTS = YES;
				CLANG_WARN_EMPTY_BODY = YES;
				CLANG_WARN_ENUM_CONVERSION = YES;
				CLANG_WARN_INFINITE_RECURSION = YES;
				CLANG_WARN_INT_CONVERSION = YES;
				CLANG_WARN_NON_LITERAL_NULL_CONVERSION = YES;
				CLANG_WARN_OBJC_LITERAL_CONVERSION = YES;
				CLANG_WARN_OBJC_ROOT_CLASS = YES_ERROR;
				CLANG_WARN_RANGE_LOOP_ANALYSIS = YES;
				CLANG_WARN_STRICT_PROTOTYPES = YES;
				CLANG_WARN_SUSPICIOUS_MOVE = YES;
				CLANG_WARN_UNGUARDED_AVAILABILITY = YES_AGGRESSIVE;
				CLANG_WARN_UNREACHABLE_CODE = YES;
				CLANG_WARN__DUPLICATE_METHOD_MATCH = YES;
				CODE_SIGN_IDENTITY = "iPhone Developer";
				COPY_PHASE_STRIP = NO;
				DEBUG_INFORMATION_FORMAT = dwarf;
				ENABLE_STRICT_OBJC_MSGSEND = YES;
				ENABLE_TESTABILITY = YES;
				GCC_C_LANGUAGE_STANDARD = gnu11;
				GCC_DYNAMIC_NO_PIC = NO;
				GCC_NO_COMMON_BLOCKS = YES;
				GCC_OPTIMIZATION_LEVEL = 0;
				GCC_PREPROCESSOR_DEFINITIONS = (
					"DEBUG=1",
					"$(inherited)",
				);
				GCC_WARN_64_TO_32_BIT_CONVERSION = YES;
				GCC_WARN_ABOUT_RETURN_TYPE = YES_ERROR;
				GCC_WARN_UNDECLARED_SELECTOR = YES;
				GCC_WARN_UNINITIALIZED_AUTOS = YES_AGGRESSIVE;
				GCC_WARN_UNUSED_FUNCTION = YES;
				GCC_WARN_UNUSED_VARIABLE = YES;
				IPHONEOS_DEPLOYMENT_TARGET = 11.1;
				MTL_ENABLE_DEBUG_INFO = YES;
				ONLY_ACTIVE_ARCH = YES;
				SDKROOT = iphoneos;
			};
			name = Debug;
		};
		A827CA342137E26B00A743D8 /* Release */ = {
			isa = XCBuildConfiguration;
			buildSettings = {
				ALWAYS_SEARCH_USER_PATHS = NO;
				CLANG_ANALYZER_NONNULL = YES;
				CLANG_ANALYZER_NUMBER_OBJECT_CONVERSION = YES_AGGRESSIVE;
				CLANG_CXX_LANGUAGE_STANDARD = "gnu++14";
				CLANG_CXX_LIBRARY = "libc++";
				CLANG_ENABLE_MODULES = YES;
				CLANG_ENABLE_OBJC_ARC = YES;
				CLANG_WARN_BLOCK_CAPTURE_AUTORELEASING = YES;
				CLANG_WARN_BOOL_CONVERSION = YES;
				CLANG_WARN_COMMA = YES;
				CLANG_WARN_CONSTANT_CONVERSION = YES;
				CLANG_WARN_DIRECT_OBJC_ISA_USAGE = YES_ERROR;
				CLANG_WARN_DOCUMENTATION_COMMENTS = YES;
				CLANG_WARN_EMPTY_BODY = YES;
				CLANG_WARN_ENUM_CONVERSION = YES;
				CLANG_WARN_INFINITE_RECURSION = YES;
				CLANG_WARN_INT_CONVERSION = YES;
				CLANG_WARN_NON_LITERAL_NULL_CONVERSION = YES;
				CLANG_WARN_OBJC_LITERAL_CONVERSION = YES;
				CLANG_WARN_OBJC_ROOT_CLASS = YES_ERROR;
				CLANG_WARN_RANGE_LOOP_ANALYSIS = YES;
				CLANG_WARN_STRICT_PROTOTYPES = YES;
				CLANG_WARN_SUSPICIOUS_MOVE = YES;
				CLANG_WARN_UNGUARDED_AVAILABILITY = YES_AGGRESSIVE;
				CLANG_WARN_UNREACHABLE_CODE = YES;
				CLANG_WARN__DUPLICATE_METHOD_MATCH = YES;
				CODE_SIGN_IDENTITY = "iPhone Developer";
				COPY_PHASE_STRIP = NO;
				DEBUG_INFORMATION_FORMAT = "dwarf-with-dsym";
				ENABLE_NS_ASSERTIONS = NO;
				ENABLE_STRICT_OBJC_MSGSEND = YES;
				GCC_C_LANGUAGE_STANDARD = gnu11;
				GCC_NO_COMMON_BLOCKS = YES;
				GCC_WARN_64_TO_32_BIT_CONVERSION = YES;
				GCC_WARN_ABOUT_RETURN_TYPE = YES_ERROR;
				GCC_WARN_UNDECLARED_SELECTOR = YES;
				GCC_WARN_UNINITIALIZED_AUTOS = YES_AGGRESSIVE;
				GCC_WARN_UNUSED_FUNCTION = YES;
				GCC_WARN_UNUSED_VARIABLE = YES;
				IPHONEOS_DEPLOYMENT_TARGET = 11.1;
				MTL_ENABLE_DEBUG_INFO = NO;
				SDKROOT = iphoneos;
				VALIDATE_PRODUCT = YES;
			};
			name = Release;
		};
		A827CA362137E26B00A743D8 /* Debug */ = {
			isa = XCBuildConfiguration;
			baseConfigurationReference = 2D544DCEDE48952592E3D4AD /* Pods-AlliOSDemo.debug.xcconfig */;
			buildSettings = {
				ASSETCATALOG_COMPILER_APPICON_NAME = AppIcon;
				CODE_SIGN_STYLE = Automatic;
				DEVELOPMENT_TEAM = 657BXENBG5;
				INFOPLIST_FILE = AlliOSDemo/Info.plist;
				LD_RUNPATH_SEARCH_PATHS = "$(inherited) @executable_path/Frameworks";
				PRODUCT_BUNDLE_IDENTIFIER = com.banning.demo.all.AlliOSDemo;
				PRODUCT_NAME = "$(TARGET_NAME)";
				TARGETED_DEVICE_FAMILY = "1,2";
			};
			name = Debug;
		};
		A827CA372137E26B00A743D8 /* Release */ = {
			isa = XCBuildConfiguration;
			baseConfigurationReference = 60F5AD8F7CC75AA0A78CDE9D /* Pods-AlliOSDemo.release.xcconfig */;
			buildSettings = {
				ASSETCATALOG_COMPILER_APPICON_NAME = AppIcon;
				CODE_SIGN_STYLE = Automatic;
				DEVELOPMENT_TEAM = 657BXENBG5;
				INFOPLIST_FILE = AlliOSDemo/Info.plist;
				LD_RUNPATH_SEARCH_PATHS = "$(inherited) @executable_path/Frameworks";
				PRODUCT_BUNDLE_IDENTIFIER = com.banning.demo.all.AlliOSDemo;
				PRODUCT_NAME = "$(TARGET_NAME)";
				TARGETED_DEVICE_FAMILY = "1,2";
			};
			name = Release;
		};
		A827CA392137E26B00A743D8 /* Debug */ = {
			isa = XCBuildConfiguration;
			buildSettings = {
				BUNDLE_LOADER = "$(TEST_HOST)";
				CODE_SIGN_STYLE = Automatic;
				DEVELOPMENT_TEAM = 657BXENBG5;
				INFOPLIST_FILE = AlliOSDemoTests/Info.plist;
				LD_RUNPATH_SEARCH_PATHS = "$(inherited) @executable_path/Frameworks @loader_path/Frameworks";
				PRODUCT_BUNDLE_IDENTIFIER = com.banning.demo.all.AlliOSDemoTests;
				PRODUCT_NAME = "$(TARGET_NAME)";
				TARGETED_DEVICE_FAMILY = "1,2";
				TEST_HOST = "$(BUILT_PRODUCTS_DIR)/AlliOSDemo.app/AlliOSDemo";
			};
			name = Debug;
		};
		A827CA3A2137E26B00A743D8 /* Release */ = {
			isa = XCBuildConfiguration;
			buildSettings = {
				BUNDLE_LOADER = "$(TEST_HOST)";
				CODE_SIGN_STYLE = Automatic;
				DEVELOPMENT_TEAM = 657BXENBG5;
				INFOPLIST_FILE = AlliOSDemoTests/Info.plist;
				LD_RUNPATH_SEARCH_PATHS = "$(inherited) @executable_path/Frameworks @loader_path/Frameworks";
				PRODUCT_BUNDLE_IDENTIFIER = com.banning.demo.all.AlliOSDemoTests;
				PRODUCT_NAME = "$(TARGET_NAME)";
				TARGETED_DEVICE_FAMILY = "1,2";
				TEST_HOST = "$(BUILT_PRODUCTS_DIR)/AlliOSDemo.app/AlliOSDemo";
			};
			name = Release;
		};
		A827CA3C2137E26B00A743D8 /* Debug */ = {
			isa = XCBuildConfiguration;
			buildSettings = {
				CODE_SIGN_STYLE = Automatic;
				DEVELOPMENT_TEAM = 657BXENBG5;
				INFOPLIST_FILE = AlliOSDemoUITests/Info.plist;
				LD_RUNPATH_SEARCH_PATHS = "$(inherited) @executable_path/Frameworks @loader_path/Frameworks";
				PRODUCT_BUNDLE_IDENTIFIER = com.banning.demo.all.AlliOSDemoUITests;
				PRODUCT_NAME = "$(TARGET_NAME)";
				TARGETED_DEVICE_FAMILY = "1,2";
				TEST_TARGET_NAME = AlliOSDemo;
			};
			name = Debug;
		};
		A827CA3D2137E26B00A743D8 /* Release */ = {
			isa = XCBuildConfiguration;
			buildSettings = {
				CODE_SIGN_STYLE = Automatic;
				DEVELOPMENT_TEAM = 657BXENBG5;
				INFOPLIST_FILE = AlliOSDemoUITests/Info.plist;
				LD_RUNPATH_SEARCH_PATHS = "$(inherited) @executable_path/Frameworks @loader_path/Frameworks";
				PRODUCT_BUNDLE_IDENTIFIER = com.banning.demo.all.AlliOSDemoUITests;
				PRODUCT_NAME = "$(TARGET_NAME)";
				TARGETED_DEVICE_FAMILY = "1,2";
				TEST_TARGET_NAME = AlliOSDemo;
			};
			name = Release;
		};
/* End XCBuildConfiguration section */

/* Begin XCConfigurationList section */
		A827CA042137E26A00A743D8 /* Build configuration list for PBXProject "AlliOSDemo" */ = {
			isa = XCConfigurationList;
			buildConfigurations = (
				A827CA332137E26B00A743D8 /* Debug */,
				A827CA342137E26B00A743D8 /* Release */,
			);
			defaultConfigurationIsVisible = 0;
			defaultConfigurationName = Release;
		};
		A827CA352137E26B00A743D8 /* Build configuration list for PBXNativeTarget "AlliOSDemo" */ = {
			isa = XCConfigurationList;
			buildConfigurations = (
				A827CA362137E26B00A743D8 /* Debug */,
				A827CA372137E26B00A743D8 /* Release */,
			);
			defaultConfigurationIsVisible = 0;
			defaultConfigurationName = Release;
		};
		A827CA382137E26B00A743D8 /* Build configuration list for PBXNativeTarget "AlliOSDemoTests" */ = {
			isa = XCConfigurationList;
			buildConfigurations = (
				A827CA392137E26B00A743D8 /* Debug */,
				A827CA3A2137E26B00A743D8 /* Release */,
			);
			defaultConfigurationIsVisible = 0;
			defaultConfigurationName = Release;
		};
		A827CA3B2137E26B00A743D8 /* Build configuration list for PBXNativeTarget "AlliOSDemoUITests" */ = {
			isa = XCConfigurationList;
			buildConfigurations = (
				A827CA3C2137E26B00A743D8 /* Debug */,
				A827CA3D2137E26B00A743D8 /* Release */,
			);
			defaultConfigurationIsVisible = 0;
			defaultConfigurationName = Release;
		};
/* End XCConfigurationList section */
	};
	rootObject = A827CA012137E26A00A743D8 /* Project object */;
}
